{
  "name": "frontend",
  "version": "1.0.0",
  "lockfileVersion": 1,
  "requires": true,
  "dependencies": {
    "abs": {
      "version": "1.3.8",
      "resolved": "https://registry.npmjs.org/abs/-/abs-1.3.8.tgz",
      "integrity": "sha1-ACi49Qa6/TN3BvKjwFuIFj7kORA=",
      "requires": {
        "ul": "5.2.11"
      }
    },
    "accepts": {
      "version": "1.3.3",
      "resolved": "https://registry.npmjs.org/accepts/-/accepts-1.3.3.tgz",
      "integrity": "sha1-w8p0NJOGSMPg2cHjKN1otiLChMo=",
      "requires": {
        "mime-types": "2.1.16",
        "negotiator": "0.6.1"
      }
    },
    "array-flatten": {
      "version": "1.1.1",
      "resolved": "https://registry.npmjs.org/array-flatten/-/array-flatten-1.1.1.tgz",
      "integrity": "sha1-ml9pkFGx5wczKPKgCJaLZOopVdI="
    },
    "builtin-modules": {
      "version": "1.1.1",
      "resolved": "https://registry.npmjs.org/builtin-modules/-/builtin-modules-1.1.1.tgz",
      "integrity": "sha1-Jw8HbFpywC9bZaR9+Uxf46J4iS8="
    },
    "capture-stack-trace": {
      "version": "1.0.0",
      "resolved": "https://registry.npmjs.org/capture-stack-trace/-/capture-stack-trace-1.0.0.tgz",
      "integrity": "sha1-Sm+gc5nCa7pH8LJJa00PtAjFVQ0="
    },
    "content-disposition": {
      "version": "0.5.2",
      "resolved": "https://registry.npmjs.org/content-disposition/-/content-disposition-0.5.2.tgz",
      "integrity": "sha1-DPaLud318r55YcOoUXjLhdunjLQ="
    },
    "content-type": {
      "version": "1.0.2",
      "resolved": "https://registry.npmjs.org/content-type/-/content-type-1.0.2.tgz",
      "integrity": "sha1-t9ETrueo3Se9IRM8TcJSnfFyHu0="
    },
    "cookie": {
      "version": "0.3.1",
      "resolved": "https://registry.npmjs.org/cookie/-/cookie-0.3.1.tgz",
      "integrity": "sha1-5+Ch+e9DtMi6klxcWpboBtFoc7s="
    },
    "cookie-signature": {
      "version": "1.0.6",
      "resolved": "https://registry.npmjs.org/cookie-signature/-/cookie-signature-1.0.6.tgz",
      "integrity": "sha1-4wOogrNCzD7oylE6eZmXNNqzriw="
    },
    "core-util-is": {
      "version": "1.0.2",
      "resolved": "https://registry.npmjs.org/core-util-is/-/core-util-is-1.0.2.tgz",
      "integrity": "sha1-tf1UIgqivFq1eqtxQMlAdUUDwac="
    },
    "create-error-class": {
      "version": "3.0.2",
      "resolved": "https://registry.npmjs.org/create-error-class/-/create-error-class-3.0.2.tgz",
      "integrity": "sha1-Br56vvlHo/FKMP1hBnHUAbyot7Y=",
      "requires": {
        "capture-stack-trace": "1.0.0"
      }
    },
    "debug": {
      "version": "2.6.8",
      "resolved": "https://registry.npmjs.org/debug/-/debug-2.6.8.tgz",
      "integrity": "sha1-5zFTHKLt4n0YgiJCfaF4IdaP9Pw=",
      "requires": {
        "ms": "2.0.0"
      }
    },
    "deep-extend": {
      "version": "0.4.2",
      "resolved": "https://registry.npmjs.org/deep-extend/-/deep-extend-0.4.2.tgz",
      "integrity": "sha1-SLaZwn4zS/ifEIkr5DL25MfTSn8="
    },
    "deffy": {
      "version": "2.2.2",
      "resolved": "https://registry.npmjs.org/deffy/-/deffy-2.2.2.tgz",
      "integrity": "sha1-CI9AkTy0cHhlP6b2l8IG4DRx1SM=",
      "requires": {
        "typpy": "2.3.8"
      }
    },
    "depd": {
      "version": "1.1.1",
      "resolved": "https://registry.npmjs.org/depd/-/depd-1.1.1.tgz",
      "integrity": "sha1-V4O04cRZ8G+lyif5kfPQbnoxA1k="
    },
    "destroy": {
      "version": "1.0.4",
      "resolved": "https://registry.npmjs.org/destroy/-/destroy-1.0.4.tgz",
      "integrity": "sha1-l4hXRCxEdJ5CBmE+N5RiBYJqvYA="
    },
    "duplexer2": {
      "version": "0.1.4",
      "resolved": "https://registry.npmjs.org/duplexer2/-/duplexer2-0.1.4.tgz",
      "integrity": "sha1-ixLauHjA1p4+eJEFFmKjL8a93ME=",
      "requires": {
        "readable-stream": "2.3.3"
      }
    },
    "ee-first": {
      "version": "1.1.1",
      "resolved": "https://registry.npmjs.org/ee-first/-/ee-first-1.1.1.tgz",
      "integrity": "sha1-WQxhFWsK4vTwJVcyoViyZrxWsh0="
    },
    "ejs": {
      "version": "2.5.7",
      "resolved": "https://registry.npmjs.org/ejs/-/ejs-2.5.7.tgz",
      "integrity": "sha1-zIcsFoiArjxxiXYv1f/ACJbJUYo="
    },
    "encodeurl": {
      "version": "1.0.1",
      "resolved": "https://registry.npmjs.org/encodeurl/-/encodeurl-1.0.1.tgz",
      "integrity": "sha1-eePVhlU0aQn+bw9Fpd5oEDspTSA="
    },
    "err": {
      "version": "1.1.1",
      "resolved": "https://registry.npmjs.org/err/-/err-1.1.1.tgz",
      "integrity": "sha1-65KOLhGjFmSPeCgz0PlyWLpDwvg=",
      "requires": {
        "typpy": "2.3.8"
      }
    },
    "error-ex": {
      "version": "1.3.1",
      "resolved": "https://registry.npmjs.org/error-ex/-/error-ex-1.3.1.tgz",
      "integrity": "sha1-+FWobOYa3E6GIcPNoh56dhLDqNw=",
      "requires": {
        "is-arrayish": "0.2.1"
      }
    },
    "escape-html": {
      "version": "1.0.3",
      "resolved": "https://registry.npmjs.org/escape-html/-/escape-html-1.0.3.tgz",
      "integrity": "sha1-Aljq5NPQwJdN4cFpGI7wBR0dGYg="
    },
    "etag": {
      "version": "1.8.0",
      "resolved": "https://registry.npmjs.org/etag/-/etag-1.8.0.tgz",
      "integrity": "sha1-b2Ma7zNtbEY2K1F2QETOIWvjwFE="
    },
    "exec-limiter": {
      "version": "3.2.8",
      "resolved": "https://registry.npmjs.org/exec-limiter/-/exec-limiter-3.2.8.tgz",
      "integrity": "sha1-Pd1aYkvfh/S5cSR0gvwBIVhcBx8=",
      "requires": {
        "limit-it": "3.2.7",
        "typpy": "2.3.8"
      }
    },
    "express": {
      "version": "4.15.4",
      "resolved": "https://registry.npmjs.org/express/-/express-4.15.4.tgz",
      "integrity": "sha1-Ay4iU0ic+PzgJma+yj0R7XotrtE=",
      "requires": {
        "accepts": "1.3.3",
        "array-flatten": "1.1.1",
        "content-disposition": "0.5.2",
        "content-type": "1.0.2",
        "cookie": "0.3.1",
        "cookie-signature": "1.0.6",
        "debug": "2.6.8",
        "depd": "1.1.1",
        "encodeurl": "1.0.1",
        "escape-html": "1.0.3",
        "etag": "1.8.0",
        "finalhandler": "1.0.4",
        "fresh": "0.5.0",
        "merge-descriptors": "1.0.1",
        "methods": "1.1.2",
        "on-finished": "2.3.0",
        "parseurl": "1.3.1",
        "path-to-regexp": "0.1.7",
        "proxy-addr": "1.1.5",
        "qs": "6.5.0",
        "range-parser": "1.2.0",
        "send": "0.15.4",
        "serve-static": "1.12.4",
        "setprototypeof": "1.0.3",
        "statuses": "1.3.1",
        "type-is": "1.6.15",
        "utils-merge": "1.0.0",
        "vary": "1.1.1"
      }
    },
    "finalhandler": {
      "version": "1.0.4",
      "resolved": "https://registry.npmjs.org/finalhandler/-/finalhandler-1.0.4.tgz",
      "integrity": "sha512-16l/r8RgzlXKmFOhZpHBztvye+lAhC5SU7hXavnerC9UfZqZxxXl3BzL8MhffPT3kF61lj9Oav2LKEzh0ei7tg==",
      "requires": {
        "debug": "2.6.8",
        "encodeurl": "1.0.1",
        "escape-html": "1.0.3",
        "on-finished": "2.3.0",
        "parseurl": "1.3.1",
        "statuses": "1.3.1",
        "unpipe": "1.0.0"
      }
    },
    "forwarded": {
      "version": "0.1.0",
      "resolved": "https://registry.npmjs.org/forwarded/-/forwarded-0.1.0.tgz",
      "integrity": "sha1-Ge+YdMSuHCl7zweP3mOgm2aoQ2M="
    },
    "fresh": {
      "version": "0.5.0",
      "resolved": "https://registry.npmjs.org/fresh/-/fresh-0.5.0.tgz",
      "integrity": "sha1-9HTKXmqSRtb9jglTz6m5yAWvp44="
    },
    "function.name": {
      "version": "1.0.8",
      "resolved": "https://registry.npmjs.org/function.name/-/function.name-1.0.8.tgz",
      "integrity": "sha1-0RwS5Kffp958cdnFBFZwg7tr4Fs=",
      "requires": {
        "noop6": "1.0.6"
      }
    },
    "git-package-json": {
      "version": "1.4.6",
      "resolved": "https://registry.npmjs.org/git-package-json/-/git-package-json-1.4.6.tgz",
      "integrity": "sha1-nlSYJhpXmEihG639UcniAVcdE7Y=",
      "requires": {
        "deffy": "2.2.2",
        "err": "1.1.1",
        "gry": "5.0.6",
        "normalize-package-data": "2.4.0",
        "oargv": "3.4.7",
        "one-by-one": "3.2.5",
        "r-json": "1.2.7",
        "r-package-json": "1.0.5",
        "tmp": "0.0.28"
      }
    },
    "git-source": {
      "version": "1.1.6",
      "resolved": "https://registry.npmjs.org/git-source/-/git-source-1.1.6.tgz",
      "integrity": "sha1-6rMoO+PBtTFWkJcSNRM4JBInbhE=",
      "requires": {
        "git-url-parse": "5.0.1"
      }
    },
    "git-up": {
      "version": "1.2.1",
      "resolved": "https://registry.npmjs.org/git-up/-/git-up-1.2.1.tgz",
      "integrity": "sha1-JkSAoAax2EJhrB/gmjpRacV+oZ0=",
      "requires": {
        "is-ssh": "1.3.0",
        "parse-url": "1.3.11"
      }
    },
    "git-url-parse": {
      "version": "5.0.1",
      "resolved": "https://registry.npmjs.org/git-url-parse/-/git-url-parse-5.0.1.tgz",
      "integrity": "sha1-/j15xnRq4FBIz6UIyB553du6OEM=",
      "requires": {
        "git-up": "1.2.1"
      }
    },
    "got": {
      "version": "5.7.1",
      "resolved": "https://registry.npmjs.org/got/-/got-5.7.1.tgz",
      "integrity": "sha1-X4FjWmHkplifGAVp6k44FoClHzU=",
      "requires": {
        "create-error-class": "3.0.2",
        "duplexer2": "0.1.4",
        "is-redirect": "1.0.0",
        "is-retry-allowed": "1.1.0",
        "is-stream": "1.1.0",
        "lowercase-keys": "1.0.0",
        "node-status-codes": "1.0.0",
        "object-assign": "4.1.1",
        "parse-json": "2.2.0",
        "pinkie-promise": "2.0.1",
        "read-all-stream": "3.1.0",
        "readable-stream": "2.3.3",
        "timed-out": "3.1.3",
        "unzip-response": "1.0.2",
        "url-parse-lax": "1.0.0"
      }
    },
    "gry": {
      "version": "5.0.6",
      "resolved": "https://registry.npmjs.org/gry/-/gry-5.0.6.tgz",
      "integrity": "sha1-+mRkoaHj/zDcNI6Quk8C5nrJDVs=",
      "requires": {
        "abs": "1.3.8",
        "exec-limiter": "3.2.8",
        "one-by-one": "3.2.5",
        "ul": "5.2.11"
      }
    },
    "hosted-git-info": {
      "version": "2.5.0",
      "resolved": "https://registry.npmjs.org/hosted-git-info/-/hosted-git-info-2.5.0.tgz",
      "integrity": "sha512-pNgbURSuab90KbTqvRPsseaTxOJCZBD0a7t+haSN33piP9cCM4l0CqdzAif2hUqm716UovKB2ROmiabGAKVXyg=="
    },
    "http-errors": {
      "version": "1.6.2",
      "resolved": "https://registry.npmjs.org/http-errors/-/http-errors-1.6.2.tgz",
      "integrity": "sha1-CgAsyFcHGSp+eUbO7cERVfYOxzY=",
      "requires": {
        "depd": "1.1.1",
        "inherits": "2.0.3",
        "setprototypeof": "1.0.3",
        "statuses": "1.3.1"
      }
    },
    "inherits": {
      "version": "2.0.3",
      "resolved": "https://registry.npmjs.org/inherits/-/inherits-2.0.3.tgz",
      "integrity": "sha1-Yzwsg+PaQqUC9SRmAiSA9CCCYd4="
    },
    "ini": {
      "version": "1.3.4",
      "resolved": "https://registry.npmjs.org/ini/-/ini-1.3.4.tgz",
      "integrity": "sha1-BTfLedr1m1mhpRff9wbIbsA5Fi4="
    },
    "ipaddr.js": {
      "version": "1.4.0",
      "resolved": "https://registry.npmjs.org/ipaddr.js/-/ipaddr.js-1.4.0.tgz",
      "integrity": "sha1-KWrKh4qCGBbluF0KKFqZvP9FgvA="
    },
    "is-arrayish": {
      "version": "0.2.1",
      "resolved": "https://registry.npmjs.org/is-arrayish/-/is-arrayish-0.2.1.tgz",
      "integrity": "sha1-d8mYQFJ6qOyxqLppe4BkWnqSap0="
    },
    "is-builtin-module": {
      "version": "1.0.0",
      "resolved": "https://registry.npmjs.org/is-builtin-module/-/is-builtin-module-1.0.0.tgz",
      "integrity": "sha1-VAVy0096wxGfj3bDDLwbHgN6/74=",
      "requires": {
        "builtin-modules": "1.1.1"
      }
    },
    "is-redirect": {
      "version": "1.0.0",
      "resolved": "https://registry.npmjs.org/is-redirect/-/is-redirect-1.0.0.tgz",
      "integrity": "sha1-HQPd7VO9jbDzDCbk+V02/HyH3CQ="
    },
    "is-retry-allowed": {
      "version": "1.1.0",
      "resolved": "https://registry.npmjs.org/is-retry-allowed/-/is-retry-allowed-1.1.0.tgz",
      "integrity": "sha1-EaBgVotnM5REAz0BJaYaINVk+zQ="
    },
    "is-ssh": {
      "version": "1.3.0",
      "resolved": "https://registry.npmjs.org/is-ssh/-/is-ssh-1.3.0.tgz",
      "integrity": "sha1-6+oRaaJhTaOSpjdANmw84EnY3/Y=",
      "requires": {
        "protocols": "1.4.5"
      }
    },
    "is-stream": {
      "version": "1.1.0",
      "resolved": "https://registry.npmjs.org/is-stream/-/is-stream-1.1.0.tgz",
      "integrity": "sha1-EtSj3U5o4Lec6428hBc66A2RykQ="
    },
    "isarray": {
      "version": "1.0.0",
      "resolved": "https://registry.npmjs.org/isarray/-/isarray-1.0.0.tgz",
      "integrity": "sha1-u5NdSFgsuhaMBoNJV6VKPgcSTxE="
    },
    "iterate-object": {
      "version": "1.3.2",
      "resolved": "https://registry.npmjs.org/iterate-object/-/iterate-object-1.3.2.tgz",
      "integrity": "sha1-JOwVr/pdADnog5aVohwsrh9Ftms="
    },
    "limit-it": {
      "version": "3.2.7",
      "resolved": "https://registry.npmjs.org/limit-it/-/limit-it-3.2.7.tgz",
      "integrity": "sha1-NKlaIAfEK2S0POOk2qZdZ+vinwE=",
      "requires": {
        "typpy": "2.3.8"
      }
    },
    "lowercase-keys": {
      "version": "1.0.0",
      "resolved": "https://registry.npmjs.org/lowercase-keys/-/lowercase-keys-1.0.0.tgz",
      "integrity": "sha1-TjNms55/VFfjXxMkvfb4jQv8cwY="
    },
    "media-typer": {
      "version": "0.3.0",
      "resolved": "https://registry.npmjs.org/media-typer/-/media-typer-0.3.0.tgz",
      "integrity": "sha1-hxDXrwqmJvj/+hzgAWhUUmMlV0g="
    },
    "merge-descriptors": {
      "version": "1.0.1",
      "resolved": "https://registry.npmjs.org/merge-descriptors/-/merge-descriptors-1.0.1.tgz",
      "integrity": "sha1-sAqqVW3YtEVoFQ7J0blT8/kMu2E="
    },
    "methods": {
      "version": "1.1.2",
      "resolved": "https://registry.npmjs.org/methods/-/methods-1.1.2.tgz",
      "integrity": "sha1-VSmk1nZUE07cxSZmVoNbD4Ua/O4="
    },
    "mime": {
      "version": "1.3.4",
      "resolved": "https://registry.npmjs.org/mime/-/mime-1.3.4.tgz",
      "integrity": "sha1-EV+eO2s9rylZmDyzjxSaLUDrXVM="
    },
    "mime-db": {
      "version": "1.29.0",
      "resolved": "https://registry.npmjs.org/mime-db/-/mime-db-1.29.0.tgz",
      "integrity": "sha1-SNJtI1WJZRcErFkWygYAGRQmaHg="
    },
    "mime-types": {
      "version": "2.1.16",
      "resolved": "https://registry.npmjs.org/mime-types/-/mime-types-2.1.16.tgz",
      "integrity": "sha1-K4WKUuXs1RbbiXrCvodIeDBpjiM=",
      "requires": {
        "mime-db": "1.29.0"
      }
    },
    "minimist": {
      "version": "1.2.0",
      "resolved": "https://registry.npmjs.org/minimist/-/minimist-1.2.0.tgz",
      "integrity": "sha1-o1AIsg9BOD7sH7kU9M1d95omQoQ="
    },
    "ms": {
      "version": "2.0.0",
      "resolved": "https://registry.npmjs.org/ms/-/ms-2.0.0.tgz",
      "integrity": "sha1-VgiurfwAvmwpAd9fmGF4jeDVl8g="
    },
    "negotiator": {
      "version": "0.6.1",
      "resolved": "https://registry.npmjs.org/negotiator/-/negotiator-0.6.1.tgz",
      "integrity": "sha1-KzJxhOiZIQEXeyhWP7XnECrNDKk="
    },
    "node-status-codes": {
      "version": "1.0.0",
      "resolved": "https://registry.npmjs.org/node-status-codes/-/node-status-codes-1.0.0.tgz",
      "integrity": "sha1-WuVUHQJGRdMqWPzdyc7s6nrjrC8="
    },
    "noop6": {
      "version": "1.0.6",
      "resolved": "https://registry.npmjs.org/noop6/-/noop6-1.0.6.tgz",
      "integrity": "sha1-6ytrXuEkigKDjuDOoS6N1cqvhJs="
    },
    "normalize-package-data": {
      "version": "2.4.0",
      "resolved": "https://registry.npmjs.org/normalize-package-data/-/normalize-package-data-2.4.0.tgz",
      "integrity": "sha512-9jjUFbTPfEy3R/ad/2oNbKtW9Hgovl5O1FvFWKkKblNXoN/Oou6+9+KKohPK13Yc3/TyunyWhJp6gvRNR/PPAw==",
      "requires": {
        "hosted-git-info": "2.5.0",
        "is-builtin-module": "1.0.0",
        "semver": "5.4.1",
        "validate-npm-package-license": "3.0.1"
      }
    },
    "oargv": {
      "version": "3.4.7",
      "resolved": "https://registry.npmjs.org/oargv/-/oargv-3.4.7.tgz",
      "integrity": "sha1-AIUET+p3N/dkIJI+tnJR1apI3Ks=",
      "requires": {
        "iterate-object": "1.3.2",
        "ul": "5.2.11"
      }
    },
    "obj-def": {
      "version": "1.0.5",
      "resolved": "https://registry.npmjs.org/obj-def/-/obj-def-1.0.5.tgz",
      "integrity": "sha1-svI/nHDKl6hG4LO5WRZA4xja36M=",
      "requires": {
        "deffy": "2.2.2"
      }
    },
    "object-assign": {
      "version": "4.1.1",
      "resolved": "https://registry.npmjs.org/object-assign/-/object-assign-4.1.1.tgz",
      "integrity": "sha1-IQmtx5ZYh8/AXLvUQsrIv7s2CGM="
    },
    "on-finished": {
      "version": "2.3.0",
      "resolved": "https://registry.npmjs.org/on-finished/-/on-finished-2.3.0.tgz",
      "integrity": "sha1-IPEzZIGwg811M3mSoWlxqi2QaUc=",
      "requires": {
        "ee-first": "1.1.1"
      }
    },
    "one-by-one": {
      "version": "3.2.5",
      "resolved": "https://registry.npmjs.org/one-by-one/-/one-by-one-3.2.5.tgz",
      "integrity": "sha1-NBE5F3r1nRnN1R4niFHhiyXOG6A=",
      "requires": {
        "obj-def": "1.0.5",
        "sliced": "1.0.1"
      }
    },
    "os-tmpdir": {
      "version": "1.0.2",
      "resolved": "https://registry.npmjs.org/os-tmpdir/-/os-tmpdir-1.0.2.tgz",
      "integrity": "sha1-u+Z0BseaqFxc/sdm/lc0VV36EnQ="
    },
    "package-json": {
      "version": "2.4.0",
      "resolved": "https://registry.npmjs.org/package-json/-/package-json-2.4.0.tgz",
      "integrity": "sha1-DRW9Z9HLvduyyiIv8u24a8sxqLs=",
      "requires": {
        "got": "5.7.1",
        "registry-auth-token": "3.3.1",
        "registry-url": "3.1.0",
        "semver": "5.4.1"
      }
    },
    "package-json-path": {
      "version": "1.0.6",
      "resolved": "https://registry.npmjs.org/package-json-path/-/package-json-path-1.0.6.tgz",
      "integrity": "sha1-mskhcVdyMECuO9l3vVgOwsmneMo=",
      "requires": {
        "abs": "1.3.8"
      }
    },
    "package.json": {
      "version": "2.0.1",
      "resolved": "https://registry.npmjs.org/package.json/-/package.json-2.0.1.tgz",
      "integrity": "sha1-+IYFnSpJ7QduZIg2ldc7K0bSHW0=",
      "requires": {
        "git-package-json": "1.4.6",
        "git-source": "1.1.6",
        "package-json": "2.4.0"
      }
    },
    "parse-json": {
      "version": "2.2.0",
      "resolved": "https://registry.npmjs.org/parse-json/-/parse-json-2.2.0.tgz",
      "integrity": "sha1-9ID0BDTvgHQfhGkJn43qGPVaTck=",
      "requires": {
        "error-ex": "1.3.1"
      }
    },
    "parse-url": {
      "version": "1.3.11",
      "resolved": "https://registry.npmjs.org/parse-url/-/parse-url-1.3.11.tgz",
      "integrity": "sha1-V8FUKKuKiSsfQ4aWRccR0OFEtVQ=",
      "requires": {
        "is-ssh": "1.3.0",
        "protocols": "1.4.5"
      }
    },
    "parseurl": {
      "version": "1.3.1",
      "resolved": "https://registry.npmjs.org/parseurl/-/parseurl-1.3.1.tgz",
      "integrity": "sha1-yKuMkiO6NIiKpkopeyiFO+wY2lY="
    },
    "path-to-regexp": {
      "version": "0.1.7",
      "resolved": "https://registry.npmjs.org/path-to-regexp/-/path-to-regexp-0.1.7.tgz",
      "integrity": "sha1-32BBeABfUi8V60SQ5yR6G/qmf4w="
    },
    "pinkie": {
      "version": "2.0.4",
      "resolved": "https://registry.npmjs.org/pinkie/-/pinkie-2.0.4.tgz",
      "integrity": "sha1-clVrgM+g1IqXToDnckjoDtT3+HA="
    },
    "pinkie-promise": {
      "version": "2.0.1",
      "resolved": "https://registry.npmjs.org/pinkie-promise/-/pinkie-promise-2.0.1.tgz",
      "integrity": "sha1-ITXW36ejWMBprJsXh3YogihFD/o=",
      "requires": {
        "pinkie": "2.0.4"
      }
    },
    "prepend-http": {
      "version": "1.0.4",
      "resolved": "https://registry.npmjs.org/prepend-http/-/prepend-http-1.0.4.tgz",
      "integrity": "sha1-1PRWKwzjaW5BrFLQ4ALlemNdxtw="
    },
    "process-nextick-args": {
      "version": "1.0.7",
      "resolved": "https://registry.npmjs.org/process-nextick-args/-/process-nextick-args-1.0.7.tgz",
      "integrity": "sha1-FQ4gt1ZZCtP5EJPyWk8q2L/zC6M="
    },
    "protocols": {
      "version": "1.4.5",
      "resolved": "https://registry.npmjs.org/protocols/-/protocols-1.4.5.tgz",
      "integrity": "sha1-Id4fRBxO9wlECO2fHJT3oRS4dVc="
    },
    "proxy-addr": {
      "version": "1.1.5",
      "resolved": "https://registry.npmjs.org/proxy-addr/-/proxy-addr-1.1.5.tgz",
      "integrity": "sha1-ccDuOxAt4/IC87ZPYI0XP8uhqRg=",
      "requires": {
        "forwarded": "0.1.0",
        "ipaddr.js": "1.4.0"
      }
    },
    "qs": {
      "version": "6.5.0",
      "resolved": "https://registry.npmjs.org/qs/-/qs-6.5.0.tgz",
      "integrity": "sha512-fjVFjW9yhqMhVGwRExCXLhJKrLlkYSaxNWdyc9rmHlrVZbk35YHH312dFd7191uQeXkI3mKLZTIbSvIeFwFemg=="
    },
    "r-json": {
      "version": "1.2.7",
      "resolved": "https://registry.npmjs.org/r-json/-/r-json-1.2.7.tgz",
      "integrity": "sha1-q+OTXxByjasIlaeqEPhVzknLB0I="
    },
    "r-package-json": {
      "version": "1.0.5",
      "resolved": "https://registry.npmjs.org/r-package-json/-/r-package-json-1.0.5.tgz",
      "integrity": "sha1-CCMTsr0r0BiFjgKowF2JeUHrsuY=",
      "requires": {
        "package-json-path": "1.0.6",
        "r-json": "1.2.7"
      }
    },
    "range-parser": {
      "version": "1.2.0",
      "resolved": "https://registry.npmjs.org/range-parser/-/range-parser-1.2.0.tgz",
      "integrity": "sha1-9JvmtIeJTdxA3MlKMi9hEJLgDV4="
    },
    "rc": {
      "version": "1.2.1",
      "resolved": "https://registry.npmjs.org/rc/-/rc-1.2.1.tgz",
      "integrity": "sha1-LgPo5C7kULjLPc5lvhv4l04d/ZU=",
      "requires": {
        "deep-extend": "0.4.2",
        "ini": "1.3.4",
        "minimist": "1.2.0",
        "strip-json-comments": "2.0.1"
      }
    },
    "read-all-stream": {
      "version": "3.1.0",
      "resolved": "https://registry.npmjs.org/read-all-stream/-/read-all-stream-3.1.0.tgz",
      "integrity": "sha1-NcPhd/IHjveJ7kv6+kNzB06u9Po=",
      "requires": {
        "pinkie-promise": "2.0.1",
        "readable-stream": "2.3.3"
      }
    },
    "readable-stream": {
      "version": "2.3.3",
      "resolved": "https://registry.npmjs.org/readable-stream/-/readable-stream-2.3.3.tgz",
      "integrity": "sha512-m+qzzcn7KUxEmd1gMbchF+Y2eIUbieUaxkWtptyHywrX0rE8QEYqPC07Vuy4Wm32/xE16NcdBctb8S0Xe/5IeQ==",
      "requires": {
        "core-util-is": "1.0.2",
        "inherits": "2.0.3",
        "isarray": "1.0.0",
        "process-nextick-args": "1.0.7",
        "safe-buffer": "5.1.1",
        "string_decoder": "1.0.3",
        "util-deprecate": "1.0.2"
      }
    },
    "registry-auth-token": {
      "version": "3.3.1",
      "resolved": "https://registry.npmjs.org/registry-auth-token/-/registry-auth-token-3.3.1.tgz",
      "integrity": "sha1-+w0yie4Nmtosu1KvXf5mywcNMAY=",
      "requires": {
        "rc": "1.2.1",
        "safe-buffer": "5.1.1"
      }
    },
    "registry-url": {
      "version": "3.1.0",
      "resolved": "https://registry.npmjs.org/registry-url/-/registry-url-3.1.0.tgz",
      "integrity": "sha1-PU74cPc93h138M+aOBQyRE4XSUI=",
      "requires": {
        "rc": "1.2.1"
      }
    },
    "safe-buffer": {
      "version": "5.1.1",
      "resolved": "https://registry.npmjs.org/safe-buffer/-/safe-buffer-5.1.1.tgz",
      "integrity": "sha512-kKvNJn6Mm93gAczWVJg7wH+wGYWNrDHdWvpUmHyEsgCtIwwo3bqPtV4tR5tuPaUhTOo/kvhVwd8XwwOllGYkbg=="
    },
    "semver": {
      "version": "5.4.1",
      "resolved": "https://registry.npmjs.org/semver/-/semver-5.4.1.tgz",
      "integrity": "sha512-WfG/X9+oATh81XtllIo/I8gOiY9EXRdv1cQdyykeXK17YcUW3EXUAi2To4pcH6nZtJPr7ZOpM5OMyWJZm+8Rsg=="
    },
    "send": {
      "version": "0.15.4",
      "resolved": "https://registry.npmjs.org/send/-/send-0.15.4.tgz",
      "integrity": "sha1-mF+qPihLAnPHkzZKNcZze9k5Bbk=",
      "requires": {
        "debug": "2.6.8",
        "depd": "1.1.1",
        "destroy": "1.0.4",
        "encodeurl": "1.0.1",
        "escape-html": "1.0.3",
        "etag": "1.8.0",
        "fresh": "0.5.0",
        "http-errors": "1.6.2",
        "mime": "1.3.4",
        "ms": "2.0.0",
        "on-finished": "2.3.0",
        "range-parser": "1.2.0",
        "statuses": "1.3.1"
      }
    },
    "serve-static": {
      "version": "1.12.4",
      "resolved": "https://registry.npmjs.org/serve-static/-/serve-static-1.12.4.tgz",
      "integrity": "sha1-m2qpjutyU8Tu3Ewfb9vKYJkBqWE=",
      "requires": {
        "encodeurl": "1.0.1",
        "escape-html": "1.0.3",
        "parseurl": "1.3.1",
        "send": "0.15.4"
      }
    },
    "setprototypeof": {
      "version": "1.0.3",
      "resolved": "https://registry.npmjs.org/setprototypeof/-/setprototypeof-1.0.3.tgz",
      "integrity": "sha1-ZlZ+NwQ+608E2RvWWMDL77VbjgQ="
    },
    "sliced": {
      "version": "1.0.1",
      "resolved": "https://registry.npmjs.org/sliced/-/sliced-1.0.1.tgz",
      "integrity": "sha1-CzpmK10Ewxd7GSa+qCsD+Dei70E="
    },
    "spdx-correct": {
      "version": "1.0.2",
      "resolved": "https://registry.npmjs.org/spdx-correct/-/spdx-correct-1.0.2.tgz",
      "integrity": "sha1-SzBz2TP/UfORLwOsVRlJikFQ20A=",
      "requires": {
        "spdx-license-ids": "1.2.2"
      }
    },
    "spdx-expression-parse": {
      "version": "1.0.4",
      "resolved": "https://registry.npmjs.org/spdx-expression-parse/-/spdx-expression-parse-1.0.4.tgz",
      "integrity": "sha1-m98vIOH0DtRH++JzJmGR/O1RYmw="
    },
    "spdx-license-ids": {
      "version": "1.2.2",
      "resolved": "https://registry.npmjs.org/spdx-license-ids/-/spdx-license-ids-1.2.2.tgz",
      "integrity": "sha1-yd96NCRZSt5r0RkA1ZZpbcBrrFc="
    },
    "statuses": {
      "version": "1.3.1",
      "resolved": "https://registry.npmjs.org/statuses/-/statuses-1.3.1.tgz",
      "integrity": "sha1-+vUbnrdKrvOzrPStX2Gr8ky3uT4="
    },
    "string_decoder": {
      "version": "1.0.3",
      "resolved": "https://registry.npmjs.org/string_decoder/-/string_decoder-1.0.3.tgz",
      "integrity": "sha512-4AH6Z5fzNNBcH+6XDMfA/BTt87skxqJlO0lAh3Dker5zThcAxG6mKz+iGu308UKoPPQ8Dcqx/4JhujzltRa+hQ==",
      "requires": {
        "safe-buffer": "5.1.1"
      }
    },
    "strip-json-comments": {
      "version": "2.0.1",
      "resolved": "https://registry.npmjs.org/strip-json-comments/-/strip-json-comments-2.0.1.tgz",
      "integrity": "sha1-PFMZQukIwml8DsNEhYwobHygpgo="
    },
    "timed-out": {
      "version": "3.1.3",
      "resolved": "https://registry.npmjs.org/timed-out/-/timed-out-3.1.3.tgz",
      "integrity": "sha1-lYYL/MXHbCd/j4Mm/Q9bLiDrohc="
    },
    "tmp": {
      "version": "0.0.28",
      "resolved": "https://registry.npmjs.org/tmp/-/tmp-0.0.28.tgz",
      "integrity": "sha1-Fyc1t/YU6nrzlmT6hM8N5OUV0SA=",
      "requires": {
        "os-tmpdir": "1.0.2"
      }
    },
    "type-is": {
      "version": "1.6.15",
      "resolved": "https://registry.npmjs.org/type-is/-/type-is-1.6.15.tgz",
      "integrity": "sha1-yrEPtJCeRByChC6v4a1kbIGARBA=",
      "requires": {
        "media-typer": "0.3.0",
        "mime-types": "2.1.16"
      }
    },
    "typpy": {
      "version": "2.3.8",
      "resolved": "https://registry.npmjs.org/typpy/-/typpy-2.3.8.tgz",
      "integrity": "sha1-XfwKHpueT5KH74+pTc6KoYED5YE=",
      "requires": {
        "function.name": "1.0.8"
      }
    },
    "ul": {
      "version": "5.2.11",
      "resolved": "https://registry.npmjs.org/ul/-/ul-5.2.11.tgz",
      "integrity": "sha1-3AWObKxOKq5fBbRQeEAp0QISdDs=",
      "requires": {
        "deffy": "2.2.2",
        "typpy": "2.3.8"
      }
    },
    "unpipe": {
      "version": "1.0.0",
      "resolved": "https://registry.npmjs.org/unpipe/-/unpipe-1.0.0.tgz",
      "integrity": "sha1-sr9O6FFKrmFltIF4KdIbLvSZBOw="
    },
    "unzip-response": {
      "version": "1.0.2",
      "resolved": "https://registry.npmjs.org/unzip-response/-/unzip-response-1.0.2.tgz",
      "integrity": "sha1-uYTwh3/AqJwsdzzB73tbIytbBv4="
    },
    "url-parse-lax": {
      "version": "1.0.0",
      "resolved": "https://registry.npmjs.org/url-parse-lax/-/url-parse-lax-1.0.0.tgz",
      "integrity": "sha1-evjzA2Rem9eaJy56FKxovAYJ2nM=",
      "requires": {
        "prepend-http": "1.0.4"
      }
    },
    "util-deprecate": {
      "version": "1.0.2",
      "resolved": "https://registry.npmjs.org/util-deprecate/-/util-deprecate-1.0.2.tgz",
      "integrity": "sha1-RQ1Nyfpw3nMnYvvS1KKJgUGaDM8="
    },
    "utils-merge": {
      "version": "1.0.0",
      "resolved": "https://registry.npmjs.org/utils-merge/-/utils-merge-1.0.0.tgz",
      "integrity": "sha1-ApT7kiu5N1FTVBxPcJYjHyh8ivg="
    },
    "validate-npm-package-license": {
      "version": "3.0.1",
      "resolved": "https://registry.npmjs.org/validate-npm-package-license/-/validate-npm-package-license-3.0.1.tgz",
      "integrity": "sha1-KAS6vnEq0zeUWaz74kdGqywwP7w=",
      "requires": {
        "spdx-correct": "1.0.2",
        "spdx-expression-parse": "1.0.4"
      }
    },
    "vary": {
      "version": "1.1.1",
      "resolved": "https://registry.npmjs.org/vary/-/vary-1.1.1.tgz",
      "integrity": "sha1-Z1Neu2lMHVIldFeYRmUyP1h+jTc="
    }
  }
}
